
Microsoft Visual Studio Solution File, Format Version 12.00
# Visual Studio Version 16
VisualStudioVersion = 16.0.29806.167
MinimumVisualStudioVersion = 10.0.40219.1
Project("{8BC9CEB8-8B4A-11D0-8D11-00A0C91BC942}") = "Laba2", "Laba2\Laba2.vcxproj", "{5D2BBEE4-A5C4-4B75-890A-996822E08FE8}"
EndProject
Project("{8BC9CEB8-8B4A-11D0-8D11-00A0C91BC942}") = "Laba4", "Laba4\Laba4.vcxproj", "{BC16FB94-A677-487B-8A9D-E6A49494BA1C}"
EndProject
Project("{8BC9CEB8-8B4A-11D0-8D11-00A0C91BC942}") = "Laba1", "Laba1\Laba1.vcxproj", "{22FA7CE8-9A47-4DB8-9E29-660E2967F8FA}"
EndProject
Project("{8BC9CEB8-8B4A-11D0-8D11-00A0C91BC942}") = "Laba5", "Laba5\Laba5.vcxproj", "{B9EF6FA1-2FE1-44C4-918B-CDC43016AD61}"
EndProject
Project("{8BC9CEB8-8B4A-11D0-8D11-00A0C91BC942}") = "Laba6", "Laba6\Laba6.vcxproj", "{A1936270-8708-4F8E-A73C-D2989AF8DC2A}"
EndProject
Project("{8BC9CEB8-8B4A-11D0-8D11-00A0C91BC942}") = "Laba7", "Laba7\Laba7.vcxproj", "{B6BA5359-B789-48FE-8C7D-6CFCDD598750}"
EndProject
Project("{8BC9CEB8-8B4A-11D0-8D11-00A0C91BC942}") = "Laba3", "Laba3\Laba3.vcxproj", "{4BF79C2E-438A-4A0A-B01D-1F94F725BE7D}"
EndProject
Project("{8BC9CEB8-8B4A-11D0-8D11-00A0C91BC942}") = "Laba8", "Laba8\Laba8.vcxproj", "{6F7D927D-803D-4FDD-9438-9AF6F7AABC88}"
EndProject
Global
	GlobalSection(SolutionConfigurationPlatforms) = preSolution
		Debug|x64 = Debug|x64
		Debug|x86 = Debug|x86
		Release|x64 = Release|x64
		Release|x86 = Release|x86
	EndGlobalSection
	GlobalSection(ProjectConfigurationPlatforms) = postSolution
		{5D2BBEE4-A5C4-4B75-890A-996822E08FE8}.Debug|x64.ActiveCfg = Debug|x64
		{5D2BBEE4-A5C4-4B75-890A-996822E08FE8}.Debug|x64.Build.0 = Debug|x64
		{5D2BBEE4-A5C4-4B75-890A-996822E08FE8}.Debug|x86.ActiveCfg = Debug|Win32
		{5D2BBEE4-A5C4-4B75-890A-996822E08FE8}.Debug|x86.Build.0 = Debug|Win32
		{5D2BBEE4-A5C4-4B75-890A-996822E08FE8}.Release|x64.ActiveCfg = Release|x64
		{5D2BBEE4-A5C4-4B75-890A-996822E08FE8}.Release|x64.Build.0 = Release|x64
		{5D2BBEE4-A5C4-4B75-890A-996822E08FE8}.Release|x86.ActiveCfg = Release|Win32
		{5D2BBEE4-A5C4-4B75-890A-996822E08FE8}.Release|x86.Build.0 = Release|Win32
		{BC16FB94-A677-487B-8A9D-E6A49494BA1C}.Debug|x64.ActiveCfg = Debug|x64
		{BC16FB94-A677-487B-8A9D-E6A49494BA1C}.Debug|x64.Build.0 = Debug|x64
		{BC16FB94-A677-487B-8A9D-E6A49494BA1C}.Debug|x86.ActiveCfg = Debug|Win32
		{BC16FB94-A677-487B-8A9D-E6A49494BA1C}.Debug|x86.Build.0 = Debug|Win32
		{BC16FB94-A677-487B-8A9D-E6A49494BA1C}.Release|x64.ActiveCfg = Release|x64
		{BC16FB94-A677-487B-8A9D-E6A49494BA1C}.Release|x64.Build.0 = Release|x64
		{BC16FB94-A677-487B-8A9D-E6A49494BA1C}.Release|x86.ActiveCfg = Release|Win32
		{BC16FB94-A677-487B-8A9D-E6A49494BA1C}.Release|x86.Build.0 = Release|Win32
		{22FA7CE8-9A47-4DB8-9E29-660E2967F8FA}.Debug|x64.ActiveCfg = Debug|x64
		{22FA7CE8-9A47-4DB8-9E29-660E2967F8FA}.Debug|x64.Build.0 = Debug|x64
		{22FA7CE8-9A47-4DB8-9E29-660E2967F8FA}.Debug|x86.ActiveCfg = Debug|Win32
		{22FA7CE8-9A47-4DB8-9E29-660E2967F8FA}.Debug|x86.Build.0 = Debug|Win32
		{22FA7CE8-9A47-4DB8-9E29-660E2967F8FA}.Release|x64.ActiveCfg = Release|x64
		{22FA7CE8-9A47-4DB8-9E29-660E2967F8FA}.Release|x64.Build.0 = Release|x64
		{22FA7CE8-9A47-4DB8-9E29-660E2967F8FA}.Release|x86.ActiveCfg = Release|Win32
		{22FA7CE8-9A47-4DB8-9E29-660E2967F8FA}.Release|x86.Build.0 = Release|Win32
		{B9EF6FA1-2FE1-44C4-918B-CDC43016AD61}.Debug|x64.ActiveCfg = Debug|x64
		{B9EF6FA1-2FE1-44C4-918B-CDC43016AD61}.Debug|x64.Build.0 = Debug|x64
		{B9EF6FA1-2FE1-44C4-918B-CDC43016AD61}.Debug|x86.ActiveCfg = Debug|Win32
		{B9EF6FA1-2FE1-44C4-918B-CDC43016AD61}.Debug|x86.Build.0 = Debug|Win32
		{B9EF6FA1-2FE1-44C4-918B-CDC43016AD61}.Release|x64.ActiveCfg = Release|x64
		{B9EF6FA1-2FE1-44C4-918B-CDC43016AD61}.Release|x64.Build.0 = Release|x64
		{B9EF6FA1-2FE1-44C4-918B-CDC43016AD61}.Release|x86.ActiveCfg = Release|Win32
		{B9EF6FA1-2FE1-44C4-918B-CDC43016AD61}.Release|x86.Build.0 = Release|Win32
		{A1936270-8708-4F8E-A73C-D2989AF8DC2A}.Debug|x64.ActiveCfg = Debug|x64
		{A1936270-8708-4F8E-A73C-D2989AF8DC2A}.Debug|x64.Build.0 = Debug|x64
		{A1936270-8708-4F8E-A73C-D2989AF8DC2A}.Debug|x86.ActiveCfg = Debug|Win32
		{A1936270-8708-4F8E-A73C-D2989AF8DC2A}.Debug|x86.Build.0 = Debug|Win32
		{A1936270-8708-4F8E-A73C-D2989AF8DC2A}.Release|x64.ActiveCfg = Release|x64
		{A1936270-8708-4F8E-A73C-D2989AF8DC2A}.Release|x64.Build.0 = Release|x64
		{A1936270-8708-4F8E-A73C-D2989AF8DC2A}.Release|x86.ActiveCfg = Release|Win32
		{A1936270-8708-4F8E-A73C-D2989AF8DC2A}.Release|x86.Build.0 = Release|Win32
		{B6BA5359-B789-48FE-8C7D-6CFCDD598750}.Debug|x64.ActiveCfg = Debug|x64
		{B6BA5359-B789-48FE-8C7D-6CFCDD598750}.Debug|x64.Build.0 = Debug|x64
		{B6BA5359-B789-48FE-8C7D-6CFCDD598750}.Debug|x86.ActiveCfg = Debug|Win32
		{B6BA5359-B789-48FE-8C7D-6CFCDD598750}.Debug|x86.Build.0 = Debug|Win32
		{B6BA5359-B789-48FE-8C7D-6CFCDD598750}.Release|x64.ActiveCfg = Release|x64
		{B6BA5359-B789-48FE-8C7D-6CFCDD598750}.Release|x64.Build.0 = Release|x64
		{B6BA5359-B789-48FE-8C7D-6CFCDD598750}.Release|x86.ActiveCfg = Release|Win32
		{B6BA5359-B789-48FE-8C7D-6CFCDD598750}.Release|x86.Build.0 = Release|Win32
		{4BF79C2E-438A-4A0A-B01D-1F94F725BE7D}.Debug|x64.ActiveCfg = Debug|x64
		{4BF79C2E-438A-4A0A-B01D-1F94F725BE7D}.Debug|x64.Build.0 = Debug|x64
		{4BF79C2E-438A-4A0A-B01D-1F94F725BE7D}.Debug|x86.ActiveCfg = Debug|Win32
		{4BF79C2E-438A-4A0A-B01D-1F94F725BE7D}.Debug|x86.Build.0 = Debug|Win32
		{4BF79C2E-438A-4A0A-B01D-1F94F725BE7D}.Release|x64.ActiveCfg = Release|x64
		{4BF79C2E-438A-4A0A-B01D-1F94F725BE7D}.Release|x64.Build.0 = Release|x64
		{4BF79C2E-438A-4A0A-B01D-1F94F725BE7D}.Release|x86.ActiveCfg = Release|Win32
		{4BF79C2E-438A-4A0A-B01D-1F94F725BE7D}.Release|x86.Build.0 = Release|Win32
		{6F7D927D-803D-4FDD-9438-9AF6F7AABC88}.Debug|x64.ActiveCfg = Debug|x64
		{6F7D927D-803D-4FDD-9438-9AF6F7AABC88}.Debug|x64.Build.0 = Debug|x64
		{6F7D927D-803D-4FDD-9438-9AF6F7AABC88}.Debug|x86.ActiveCfg = Debug|Win32
		{6F7D927D-803D-4FDD-9438-9AF6F7AABC88}.Debug|x86.Build.0 = Debug|Win32
		{6F7D927D-803D-4FDD-9438-9AF6F7AABC88}.Release|x64.ActiveCfg = Release|x64
		{6F7D927D-803D-4FDD-9438-9AF6F7AABC88}.Release|x64.Build.0 = Release|x64
		{6F7D927D-803D-4FDD-9438-9AF6F7AABC88}.Release|x86.ActiveCfg = Release|Win32
		{6F7D927D-803D-4FDD-9438-9AF6F7AABC88}.Release|x86.Build.0 = Release|Win32
	EndGlobalSection
	GlobalSection(SolutionProperties) = preSolution
		HideSolutionNode = FALSE
	EndGlobalSection
	GlobalSection(ExtensibilityGlobals) = postSolution
		SolutionGuid = {ABB172E6-C86A-43B8-B0AD-DBF1C366105E}
	EndGlobalSection
EndGlobal
